
Microsoft Visual Studio Solution File, Format Version 12.00
# Visual Studio 15
VisualStudioVersion = 15.0.27130.2024
MinimumVisualStudioVersion = 10.0.40219.1
Project("{FAE04EC0-301F-11D3-BF4B-00C04F79EFBC}") = "veto-tours", "veto-tours\veto-tours.csproj", "{774DAF1F-C4F8-4CD7-AE40-D9FB08A93E15}"
EndProject
Global
	GlobalSection(SolutionConfigurationPlatforms) = preSolution
		Debug|Any CPU = Debug|Any CPU
		Release|Any CPU = Release|Any CPU
	EndGlobalSection
	GlobalSection(ProjectConfigurationPlatforms) = postSolution
		{774DAF1F-C4F8-4CD7-AE40-D9FB08A93E15}.Debug|Any CPU.ActiveCfg = Debug|Any CPU
		{774DAF1F-C4F8-4CD7-AE40-D9FB08A93E15}.Debug|Any CPU.Build.0 = Debug|Any CPU
		{774DAF1F-C4F8-4CD7-AE40-D9FB08A93E15}.Release|Any CPU.ActiveCfg = Release|Any CPU
		{774DAF1F-C4F8-4CD7-AE40-D9FB08A93E15}.Release|Any CPU.Build.0 = Release|Any CPU
	EndGlobalSection
	GlobalSection(SolutionProperties) = preSolution
		HideSolutionNode = FALSE
	EndGlobalSection
	GlobalSection(ExtensibilityGlobals) = postSolution
		SolutionGuid = {072532C7-E25B-4409-805D-B859DE188196}
	EndGlobalSection
EndGlobal
